{
  "projects": [
    {
      "projectId": "vqeFwpZFQ6buChy6T9PGwQ",
      "version": "0.7.0",
      "dependencies": {},
      "lang": "ts",
      "fileLocks": [
        {
          "assetId": "vqeFwpZFQ6buChy6T9PGwQ",
          "type": "projectCss",
          "checksum": "e1ec850476829c38b0f9b6d4f7ac446a"
        }
      ],
      "codegenVersion": "0.0.1"
    },
    {
      "projectId": "9Vr5YWkf3w7jj6SsTcCEta",
      "version": "0.7.0",
      "dependencies": {},
      "lang": "ts",
      "fileLocks": [
        {
          "assetId": "9Vr5YWkf3w7jj6SsTcCEta",
          "type": "projectCss",
          "checksum": "e1ec850476829c38b0f9b6d4f7ac446a"
        }
      ],
      "codegenVersion": "0.0.1"
    },
    {
      "projectId": "r3ASNrnyvLLLAtDvzUioQ",
      "version": "4.2.0",
      "dependencies": {},
      "lang": "ts",
      "fileLocks": [
        {
          "assetId": "r3ASNrnyvLLLAtDvzUioQ",
          "type": "projectCss",
          "checksum": "e1ec850476829c38b0f9b6d4f7ac446a"
        }
      ],
      "codegenVersion": "0.0.1"
    },
    {
      "projectId": "jkU633o1Cz7HrJdwdxhVHk",
      "version": "16.5.0",
      "dependencies": {},
      "lang": "ts",
      "fileLocks": [
        {
          "assetId": "jkU633o1Cz7HrJdwdxhVHk",
          "type": "projectCss",
          "checksum": "0581d4378bb1604bb5fe3f65bb0a37de"
        }
      ],
      "codegenVersion": "0.0.1"
    },
    {
      "projectId": "ohDidvG9XsCeFumugENU3J",
      "version": "6.18.0",
      "dependencies": {},
      "lang": "ts",
      "fileLocks": [
        {
          "assetId": "ohDidvG9XsCeFumugENU3J",
          "type": "projectCss",
          "checksum": "fd83b730367fdbde2c69bc6cf31c2a3c"
        },
        {
          "assetId": "ohDidvG9XsCeFumugENU3J",
          "checksum": "de0a0e65174a6a185a8f822af51c6bdd",
          "type": "globalContexts"
        }
      ],
      "codegenVersion": "0.0.1"
    },
    {
      "projectId": "4QmempJ4uAWNpTRouKWPHf",
      "version": "latest",
      "dependencies": {
        "ohDidvG9XsCeFumugENU3J": "6.18.0",
        "jkU633o1Cz7HrJdwdxhVHk": "16.5.0",
        "r3ASNrnyvLLLAtDvzUioQ": "4.2.0",
        "9Vr5YWkf3w7jj6SsTcCEta": "0.7.0",
        "vqeFwpZFQ6buChy6T9PGwQ": "0.7.0",
        "sqPBLwEBBKHA2WDuGb17eV": "0.7.0"
      },
      "lang": "ts",
      "fileLocks": [
        {
          "type": "globalVariant",
          "assetId": "vAp4rmrZq-8s",
          "checksum": "71448a937f1f55ffc988bc229ae1e5bf"
        },
        {
          "type": "globalVariant",
          "assetId": "4ybx8vV_5sw-",
          "checksum": "4be8821579ee9226d48af6b93dda2d1a"
        },
        {
          "assetId": "4QmempJ4uAWNpTRouKWPHf",
          "checksum": "dd357410a83567901183d2d6e096a4b9",
          "type": "globalContexts"
        },
        {
          "type": "renderModule",
          "assetId": "FUfSA5MG9HFF",
          "checksum": "522578e32c931bdf20d33395c61ed509"
        },
        {
          "type": "cssRules",
          "assetId": "FUfSA5MG9HFF",
          "checksum": "522578e32c931bdf20d33395c61ed509"
        },
        {
          "type": "renderModule",
          "assetId": "8kcWfTTW5pIG",
          "checksum": "2aeb558f27d39736cd7040aa6b45129a"
        },
        {
          "type": "cssRules",
          "assetId": "8kcWfTTW5pIG",
          "checksum": "2aeb558f27d39736cd7040aa6b45129a"
        },
        {
          "type": "renderModule",
          "assetId": "TLGCmAakJkGm",
          "checksum": "e444fa4c848dcd4246f5e9d4966262f3"
        },
        {
          "type": "cssRules",
          "assetId": "TLGCmAakJkGm",
          "checksum": "e444fa4c848dcd4246f5e9d4966262f3"
        },
        {
          "type": "renderModule",
          "assetId": "c6xa4h_PpvrO",
          "checksum": "40b60853359be1047191975602489b37"
        },
        {
          "type": "cssRules",
          "assetId": "c6xa4h_PpvrO",
          "checksum": "40b60853359be1047191975602489b37"
        },
        {
          "type": "renderModule",
          "assetId": "p5qPJGRp9-20",
          "checksum": "8530e0deab589c33be74a0881a7ee45c"
        },
        {
          "type": "cssRules",
          "assetId": "p5qPJGRp9-20",
          "checksum": "8530e0deab589c33be74a0881a7ee45c"
        },
        {
          "type": "renderModule",
          "assetId": "HUySnaEnfX2W",
          "checksum": "c14bc12734b760ec22bdd7f9d64f2870"
        },
        {
          "type": "cssRules",
          "assetId": "HUySnaEnfX2W",
          "checksum": "c14bc12734b760ec22bdd7f9d64f2870"
        },
        {
          "type": "renderModule",
          "assetId": "C8qfBIy7UpbG",
          "checksum": "be723297aee73cd46913854a229a681b"
        },
        {
          "type": "cssRules",
          "assetId": "C8qfBIy7UpbG",
          "checksum": "be723297aee73cd46913854a229a681b"
        },
        {
          "type": "renderModule",
          "assetId": "8tltFS8I7FwM",
          "checksum": "fe824f3fcffdeb3a5a98f3b16db01fa5"
        },
        {
          "type": "cssRules",
          "assetId": "8tltFS8I7FwM",
          "checksum": "fe824f3fcffdeb3a5a98f3b16db01fa5"
        },
        {
          "type": "renderModule",
          "assetId": "IkMv501ghnhE",
          "checksum": "29ae42ec1b66cb870a252cd1bac842c9"
        },
        {
          "type": "cssRules",
          "assetId": "IkMv501ghnhE",
          "checksum": "29ae42ec1b66cb870a252cd1bac842c9"
        },
        {
          "type": "renderModule",
          "assetId": "_frrYhJVjyko",
          "checksum": "89fea55088d23bbbcf977d201526e04b"
        },
        {
          "type": "cssRules",
          "assetId": "_frrYhJVjyko",
          "checksum": "89fea55088d23bbbcf977d201526e04b"
        },
        {
          "type": "renderModule",
          "assetId": "Haxw2MIMlmpq",
          "checksum": "196c4a786cea0f693130cdca0fc4945d"
        },
        {
          "type": "cssRules",
          "assetId": "Haxw2MIMlmpq",
          "checksum": "196c4a786cea0f693130cdca0fc4945d"
        },
        {
          "type": "renderModule",
          "assetId": "IXlVEWy595ii",
          "checksum": "c605ef2093de6676bde7bd723bf32b10"
        },
        {
          "type": "cssRules",
          "assetId": "IXlVEWy595ii",
          "checksum": "c605ef2093de6676bde7bd723bf32b10"
        },
        {
          "type": "renderModule",
          "assetId": "kFEg42b5zE4G",
          "checksum": "7d1cd72cb93aac23736bbe494722611c"
        },
        {
          "type": "cssRules",
          "assetId": "kFEg42b5zE4G",
          "checksum": "7d1cd72cb93aac23736bbe494722611c"
        },
        {
          "type": "renderModule",
          "assetId": "OEL1yjy8fNWN",
          "checksum": "410c449cfe94816352575d79721ea88e"
        },
        {
          "type": "cssRules",
          "assetId": "OEL1yjy8fNWN",
          "checksum": "410c449cfe94816352575d79721ea88e"
        },
        {
          "type": "renderModule",
          "assetId": "xHlJ0wygH-6y",
          "checksum": "30c0f8901946de5d273dc8a93a475a23"
        },
        {
          "type": "cssRules",
          "assetId": "xHlJ0wygH-6y",
          "checksum": "30c0f8901946de5d273dc8a93a475a23"
        },
        {
          "type": "renderModule",
          "assetId": "7s6wc0JQ2YJz",
          "checksum": "23db6be4fb2e68ed695134e53c5f48f2"
        },
        {
          "type": "cssRules",
          "assetId": "7s6wc0JQ2YJz",
          "checksum": "23db6be4fb2e68ed695134e53c5f48f2"
        },
        {
          "type": "renderModule",
          "assetId": "9iew2jafSsE5",
          "checksum": "4288fb942daf4d325b176e46c45276fb"
        },
        {
          "type": "cssRules",
          "assetId": "9iew2jafSsE5",
          "checksum": "4288fb942daf4d325b176e46c45276fb"
        },
        {
          "type": "renderModule",
          "assetId": "32to5JyqkBfw",
          "checksum": "3295256417385a9b116afab2e0fa7381"
        },
        {
          "type": "cssRules",
          "assetId": "32to5JyqkBfw",
          "checksum": "3295256417385a9b116afab2e0fa7381"
        },
        {
          "type": "renderModule",
          "assetId": "Y7ZmvQv6glP1",
          "checksum": "b090e7cbf42b0bd7da317dc3709afcec"
        },
        {
          "type": "cssRules",
          "assetId": "Y7ZmvQv6glP1",
          "checksum": "b090e7cbf42b0bd7da317dc3709afcec"
        },
        {
          "type": "renderModule",
          "assetId": "nDE4sbTWPVVR",
          "checksum": "7ee3f65438e00e7d28d99101995003f3"
        },
        {
          "type": "cssRules",
          "assetId": "nDE4sbTWPVVR",
          "checksum": "7ee3f65438e00e7d28d99101995003f3"
        },
        {
          "type": "renderModule",
          "assetId": "C964vUW0Hr4I",
          "checksum": "86f559398454d5016d1919809392b37a"
        },
        {
          "type": "cssRules",
          "assetId": "C964vUW0Hr4I",
          "checksum": "86f559398454d5016d1919809392b37a"
        },
        {
          "type": "renderModule",
          "assetId": "YWYCSm527QYF",
          "checksum": "27ff10862672d5b965c1e6f3430aee87"
        },
        {
          "type": "cssRules",
          "assetId": "YWYCSm527QYF",
          "checksum": "27ff10862672d5b965c1e6f3430aee87"
        },
        {
          "type": "renderModule",
          "assetId": "BWLrUxpptVrX",
          "checksum": "88b8e2fc318827958e8eb4db9d7f10e4"
        },
        {
          "type": "cssRules",
          "assetId": "BWLrUxpptVrX",
          "checksum": "88b8e2fc318827958e8eb4db9d7f10e4"
        },
        {
          "type": "renderModule",
          "assetId": "g7edmX0VglfL",
          "checksum": "f7c673125e1d43cdfa7002a4ce5a5b69"
        },
        {
          "type": "cssRules",
          "assetId": "g7edmX0VglfL",
          "checksum": "f7c673125e1d43cdfa7002a4ce5a5b69"
        },
        {
          "type": "renderModule",
          "assetId": "YtjsYqjs90m-",
          "checksum": "e271ed46f8284b8048751fef94d28b09"
        },
        {
          "type": "cssRules",
          "assetId": "YtjsYqjs90m-",
          "checksum": "e271ed46f8284b8048751fef94d28b09"
        },
        {
          "type": "renderModule",
          "assetId": "m_NbzmE7hBTT",
          "checksum": "e332878b336af330a956a062e1a21e5f"
        },
        {
          "type": "cssRules",
          "assetId": "m_NbzmE7hBTT",
          "checksum": "e332878b336af330a956a062e1a21e5f"
        },
        {
          "type": "renderModule",
          "assetId": "0Id__lT8w_bK",
          "checksum": "07f424adbb031409022f4efaf761e8a3"
        },
        {
          "type": "cssRules",
          "assetId": "0Id__lT8w_bK",
          "checksum": "07f424adbb031409022f4efaf761e8a3"
        },
        {
          "type": "renderModule",
          "assetId": "h2Cqfb2WKnuT",
          "checksum": "12dcfec545a865744d042d65f47dd93c"
        },
        {
          "type": "cssRules",
          "assetId": "h2Cqfb2WKnuT",
          "checksum": "12dcfec545a865744d042d65f47dd93c"
        },
        {
          "type": "renderModule",
          "assetId": "s6l-4R3u5jmn",
          "checksum": "3069ac69a2293ce78e8034bd51d82795"
        },
        {
          "type": "cssRules",
          "assetId": "s6l-4R3u5jmn",
          "checksum": "3069ac69a2293ce78e8034bd51d82795"
        },
        {
          "type": "renderModule",
          "assetId": "_9grt9g2AsF0",
          "checksum": "191e8802343d6e03a3d87ea3c2740f2e"
        },
        {
          "type": "cssRules",
          "assetId": "_9grt9g2AsF0",
          "checksum": "191e8802343d6e03a3d87ea3c2740f2e"
        },
        {
          "type": "icon",
          "assetId": "KDgOzkFI_Ej6",
          "checksum": "38ddb80c84c31e4e7c295b0b02b205cc"
        },
        {
          "type": "icon",
          "assetId": "r2Sk3XCc6h2H",
          "checksum": "ec34ab4df5c1e70b3281acb4e740acfb"
        },
        {
          "type": "icon",
          "assetId": "pTJFuCWk8NGr",
          "checksum": "738e4f2be49a5052b3bcd3ece5167c98"
        },
        {
          "type": "icon",
          "assetId": "wN9HcmYrq_HW",
          "checksum": "da769ed247fb873f84791c6f50e50bb8"
        },
        {
          "type": "icon",
          "assetId": "dD3ugMsUg3e6",
          "checksum": "f8674270296fd6ddd73b8e9e98f62cc1"
        },
        {
          "type": "icon",
          "assetId": "uL_WO8lUTM0O",
          "checksum": "79935e6127c6061b6b468055fab50aee"
        },
        {
          "type": "icon",
          "assetId": "xi0Zh_7t7laJ",
          "checksum": "23d2d6c942c12813b516132a6c84685c"
        },
        {
          "type": "icon",
          "assetId": "ZLkLNe8FZ2MH",
          "checksum": "4fc3a5e5a54a4666b3ed08104a8d60ce"
        },
        {
          "type": "icon",
          "assetId": "UPP2br5JFIoC",
          "checksum": "18c0a68f59a65e4656e4314f0c2bf9b4"
        },
        {
          "type": "icon",
          "assetId": "tOAoYivXP3sa",
          "checksum": "a97169482ee67ea84c23138c8946bd41"
        },
        {
          "type": "icon",
          "assetId": "jvB-318qjCoo",
          "checksum": "d7bcd059d7f84d57e005c0a91f1f54bc"
        },
        {
          "type": "icon",
          "assetId": "H_pyohiaa-QM",
          "checksum": "ed5f088fe7431909628ce7070194b7d1"
        },
        {
          "type": "icon",
          "assetId": "azsiJk_jjfLg",
          "checksum": "9236f8aa031d87c4a26aa606829a5307"
        },
        {
          "type": "icon",
          "assetId": "GHJGyw-ZCuIE",
          "checksum": "a9b0ba26aad88ece9f1c4fe5b39b65f3"
        },
        {
          "type": "icon",
          "assetId": "6mxSHR-bNgfA",
          "checksum": "0ef4ee3330639e22e9e6542cddcd4d86"
        },
        {
          "type": "icon",
          "assetId": "Q-ePMnUF2w5X",
          "checksum": "655da673dfeb8313176b4cec4da69a59"
        },
        {
          "type": "icon",
          "assetId": "ap9aVDQ4RlhO",
          "checksum": "0a3ec7369f6178cb57df3cd835ed7584"
        },
        {
          "type": "icon",
          "assetId": "0zbZHGcP-UB9",
          "checksum": "0d909cd9658b36a1f07db2c98363aacc"
        },
        {
          "type": "icon",
          "assetId": "Hi8M-60eUswc",
          "checksum": "958cc42eb17506e2a58ffeadfc44716c"
        },
        {
          "type": "icon",
          "assetId": "9_fsow2AKzIj",
          "checksum": "02c059ebea4cbb795146df982b9d84c7"
        },
        {
          "type": "icon",
          "assetId": "osr7ZWuZ3w4-",
          "checksum": "6ec770a1892ef0c35e54f217816124b7"
        },
        {
          "type": "icon",
          "assetId": "mSFFK6OjZB9P",
          "checksum": "1f3c21e738c577c26c421ce70271f588"
        },
        {
          "type": "icon",
          "assetId": "K8f_cBGoDz6w",
          "checksum": "7458283cb175be45b7c145464b7f256f"
        },
        {
          "type": "icon",
          "assetId": "bTnZBV_IQOlG",
          "checksum": "cc8471473425a168ad0c792f84da0aa2"
        },
        {
          "type": "icon",
          "assetId": "rUhtQG20PlwQ",
          "checksum": "71c0b2b05f220307890ada6fca34b9da"
        },
        {
          "type": "image",
          "assetId": "7Mf1A_nSMNLP",
          "checksum": "184ad3f66797e7844f17163a221e6602"
        },
        {
          "type": "image",
          "assetId": "CJSunn5L6y6H",
          "checksum": "846043404df453d3a30c6f18e406ea02"
        },
        {
          "type": "image",
          "assetId": "yfk5DeGlurbU",
          "checksum": "46f87c4c7c1ba6fa18a79a36c60e95f7"
        },
        {
          "type": "image",
          "assetId": "xaiQHQVujcy1",
          "checksum": "23184fa58cf1c467c31106804a8aad33"
        },
        {
          "type": "image",
          "assetId": "R9ZNpPZZ_pxO",
          "checksum": "4918f6857576fa00922262003c36a1f8"
        },
        {
          "type": "image",
          "assetId": "nwjUEdcu0HUr",
          "checksum": "2ff694da6962042c0b490959d409fd61"
        },
        {
          "type": "image",
          "assetId": "UbQDx4WHn-wQ",
          "checksum": "aec3c43be52eff74a2d0992e49951d1a"
        },
        {
          "type": "image",
          "assetId": "jTlduu6OOd00",
          "checksum": "db94d0e2fdb4c008f9a0f1fcfe9a4094"
        },
        {
          "type": "image",
          "assetId": "XsCHjiwRS3hk",
          "checksum": "e4925640154e96dc5105c136837d1f5c"
        },
        {
          "type": "image",
          "assetId": "WKOhzR35EBnE",
          "checksum": "17a5d5f97fdacbdee9378b3c8997531d"
        },
        {
          "type": "image",
          "assetId": "dHxHnvD_rPS0",
          "checksum": "3a5cffc75b516b12f8c45ea730e9fa0d"
        },
        {
          "type": "image",
          "assetId": "LDyctXOYk3YK",
          "checksum": "70e88ae005437f4c33bf5a5cdd361eae"
        },
        {
          "type": "image",
          "assetId": "54p6j_VX2_Pf",
          "checksum": "0d61e1841db9c901a50a1307249944c9"
        },
        {
          "type": "image",
          "assetId": "y5EV5T7-mNpD",
          "checksum": "dd3a95e12c858b8522b583a47756d415"
        },
        {
          "type": "image",
          "assetId": "BdqvSKzg0v7v",
          "checksum": "e24bacd136267bf56cb36aaa9054ed0d"
        },
        {
          "type": "image",
          "assetId": "U6gwcW15cLkz",
          "checksum": "c5681ba8b665fc32d3bb71db220cc159"
        },
        {
          "type": "image",
          "assetId": "bopCmbcR5OO8",
          "checksum": "a06e0d07465a378b2a1822100ef86d1b"
        },
        {
          "type": "image",
          "assetId": "2PsQVYDTyPDU",
          "checksum": "2791c37e33c06abd60c2861a567a823a"
        },
        {
          "type": "renderModule",
          "assetId": "akcNnSFg9qYk",
          "checksum": "16d13ee91a6a2085369b9394780c6899"
        },
        {
          "type": "cssRules",
          "assetId": "akcNnSFg9qYk",
          "checksum": "16d13ee91a6a2085369b9394780c6899"
        },
        {
          "type": "renderModule",
          "assetId": "3QoQepU800a-",
          "checksum": "4b6f1bdfc5d833b6979a2837a35790ed"
        },
        {
          "type": "cssRules",
          "assetId": "3QoQepU800a-",
          "checksum": "4b6f1bdfc5d833b6979a2837a35790ed"
        },
        {
          "type": "renderModule",
          "assetId": "53hvCvCAAUUJ",
          "checksum": "660eb4d7b77d5017ee543e6c7cb47e7c"
        },
        {
          "type": "cssRules",
          "assetId": "53hvCvCAAUUJ",
          "checksum": "660eb4d7b77d5017ee543e6c7cb47e7c"
        },
        {
          "type": "icon",
          "assetId": "YEPes6dYRRew",
          "checksum": "a5f849a32a6b815a1aacd9df4e135542"
        },
        {
          "type": "icon",
          "assetId": "g9tRk06ouNlG",
          "checksum": "3922f326ae09b56769cceb3a383f42a6"
        },
        {
          "type": "renderModule",
          "assetId": "t62FIGHnQAL5",
          "checksum": "920751318bd88d0209e523fa83a5be22"
        },
        {
          "type": "cssRules",
          "assetId": "t62FIGHnQAL5",
          "checksum": "920751318bd88d0209e523fa83a5be22"
        },
        {
          "type": "renderModule",
          "assetId": "us1o9GMarTi_",
          "checksum": "d354f4e199f8e95a2cbd68fef604e7f0"
        },
        {
          "type": "cssRules",
          "assetId": "us1o9GMarTi_",
          "checksum": "d354f4e199f8e95a2cbd68fef604e7f0"
        },
        {
          "type": "renderModule",
          "assetId": "nEy9BLWNBwZh",
          "checksum": "b80977d52d3fe5db0b70e05d4e607455"
        },
        {
          "type": "cssRules",
          "assetId": "nEy9BLWNBwZh",
          "checksum": "b80977d52d3fe5db0b70e05d4e607455"
        },
        {
          "type": "icon",
          "assetId": "zU9gzLXu5GoG",
          "checksum": "9e54b7351ef57d6c2cde1cfa2e8b6c11"
        },
        {
          "assetId": "4QmempJ4uAWNpTRouKWPHf",
          "type": "projectCss",
          "checksum": "9e0cb18fff41a5f8d9b885a551ec9099"
        }
      ],
      "codegenVersion": "0.0.1"
    },
    {
      "projectId": "sqPBLwEBBKHA2WDuGb17eV",
      "version": "0.7.0",
      "dependencies": {},
      "lang": "ts",
      "fileLocks": [
        {
          "assetId": "sqPBLwEBBKHA2WDuGb17eV",
          "type": "projectCss",
          "checksum": "e1ec850476829c38b0f9b6d4f7ac446a"
        },
        {
          "type": "renderModule",
          "assetId": "5nirPCGmCnRD",
          "checksum": "c32b2176a68362ef803b4010c3941d03"
        },
        {
          "type": "cssRules",
          "assetId": "5nirPCGmCnRD",
          "checksum": "c32b2176a68362ef803b4010c3941d03"
        },
        {
          "type": "icon",
          "assetId": "Wyt3GMMsLefj",
          "checksum": "d8c88f04735c43b3f7790b0889d20e0c"
        },
        {
          "type": "icon",
          "assetId": "MbDRsJU0e3bw",
          "checksum": "92672aa6935120ebaac11939d8d127bb"
        }
      ],
      "codegenVersion": "0.0.1"
    }
  ],
  "cliVersion": "0.1.324"
}
